
Microsoft Visual Studio Solution File, Format Version 12.00
# Visual Studio Version 16
VisualStudioVersion = 16.0.29326.143
MinimumVisualStudioVersion = 10.0.40219.1
Project("{FAE04EC0-301F-11D3-BF4B-00C04F79EFBC}") = "President", "President\President.csproj", "{BDF060FA-EC9C-4E0C-90C1-F304DDA8E06E}"
EndProject
Global
	GlobalSection(SolutionConfigurationPlatforms) = preSolution
		Debug|Any CPU = Debug|Any CPU
		Release|Any CPU = Release|Any CPU
	EndGlobalSection
	GlobalSection(ProjectConfigurationPlatforms) = postSolution
		{BDF060FA-EC9C-4E0C-90C1-F304DDA8E06E}.Debug|Any CPU.ActiveCfg = Debug|Any CPU
		{BDF060FA-EC9C-4E0C-90C1-F304DDA8E06E}.Debug|Any CPU.Build.0 = Debug|Any CPU
		{BDF060FA-EC9C-4E0C-90C1-F304DDA8E06E}.Release|Any CPU.ActiveCfg = Release|Any CPU
		{BDF060FA-EC9C-4E0C-90C1-F304DDA8E06E}.Release|Any CPU.Build.0 = Release|Any CPU
	EndGlobalSection
	GlobalSection(SolutionProperties) = preSolution
		HideSolutionNode = FALSE
	EndGlobalSection
	GlobalSection(ExtensibilityGlobals) = postSolution
		SolutionGuid = {76AC7D93-6F27-41DA-8BC2-AA0D04F8FDA6}
	EndGlobalSection
EndGlobal
