
Microsoft Visual Studio Solution File, Format Version 12.00
# Visual Studio 15
VisualStudioVersion = 15.0.28307.168
MinimumVisualStudioVersion = 10.0.40219.1
Project("{FAE04EC0-301F-11D3-BF4B-00C04F79EFBC}") = "ObjektOrientering", "ObjektOrientering\ObjektOrientering.csproj", "{7DE1FE98-6BA1-4334-818F-E8B85E446104}"
EndProject
Global
	GlobalSection(SolutionConfigurationPlatforms) = preSolution
		Debug|Any CPU = Debug|Any CPU
		Release|Any CPU = Release|Any CPU
	EndGlobalSection
	GlobalSection(ProjectConfigurationPlatforms) = postSolution
		{7DE1FE98-6BA1-4334-818F-E8B85E446104}.Debug|Any CPU.ActiveCfg = Debug|Any CPU
		{7DE1FE98-6BA1-4334-818F-E8B85E446104}.Debug|Any CPU.Build.0 = Debug|Any CPU
		{7DE1FE98-6BA1-4334-818F-E8B85E446104}.Release|Any CPU.ActiveCfg = Release|Any CPU
		{7DE1FE98-6BA1-4334-818F-E8B85E446104}.Release|Any CPU.Build.0 = Release|Any CPU
	EndGlobalSection
	GlobalSection(SolutionProperties) = preSolution
		HideSolutionNode = FALSE
	EndGlobalSection
	GlobalSection(ExtensibilityGlobals) = postSolution
		SolutionGuid = {47CEC444-010A-44FC-95BA-73D9F7B439B5}
	EndGlobalSection
EndGlobal
