
Microsoft Visual Studio Solution File, Format Version 12.00
# Visual Studio 15
VisualStudioVersion = 15.0.28307.168
MinimumVisualStudioVersion = 10.0.40219.1
Project("{FAE04EC0-301F-11D3-BF4B-00C04F79EFBC}") = "Tamagotchi", "Tamagotchi\Tamagotchi.csproj", "{5FE4AC11-AB0C-460B-9D37-AD8BAA0D118E}"
EndProject
Global
	GlobalSection(SolutionConfigurationPlatforms) = preSolution
		Debug|Any CPU = Debug|Any CPU
		Release|Any CPU = Release|Any CPU
	EndGlobalSection
	GlobalSection(ProjectConfigurationPlatforms) = postSolution
		{5FE4AC11-AB0C-460B-9D37-AD8BAA0D118E}.Debug|Any CPU.ActiveCfg = Debug|Any CPU
		{5FE4AC11-AB0C-460B-9D37-AD8BAA0D118E}.Debug|Any CPU.Build.0 = Debug|Any CPU
		{5FE4AC11-AB0C-460B-9D37-AD8BAA0D118E}.Release|Any CPU.ActiveCfg = Release|Any CPU
		{5FE4AC11-AB0C-460B-9D37-AD8BAA0D118E}.Release|Any CPU.Build.0 = Release|Any CPU
	EndGlobalSection
	GlobalSection(SolutionProperties) = preSolution
		HideSolutionNode = FALSE
	EndGlobalSection
	GlobalSection(ExtensibilityGlobals) = postSolution
		SolutionGuid = {CE980035-2550-4CFB-8D0B-51EF2712138C}
	EndGlobalSection
EndGlobal
